
Microsoft Visual Studio Solution File, Format Version 12.00
# Visual Studio 14
VisualStudioVersion = 14.0.24720.0
MinimumVisualStudioVersion = 10.0.40219.1
Project("{FAE04EC0-301F-11D3-BF4B-00C04F79EFBC}") = "Tehtava1", "Tehtava1\Tehtava1.csproj", "{BBFDB3F8-2232-4C51-A154-1DFFF2E75FE7}"
EndProject
Project("{FAE04EC0-301F-11D3-BF4B-00C04F79EFBC}") = "Harjoitus1MediaPlayer", "Harjoitus1MediaPlayer\Harjoitus1MediaPlayer.csproj", "{49EB960E-A3C1-4451-8BA8-2DA0901DE5A3}"
EndProject
Project("{FAE04EC0-301F-11D3-BF4B-00C04F79EFBC}") = "Tehtava2", "Tehtava2\Tehtava2.csproj", "{03283961-D5ED-41A6-9495-D24A2A823E92}"
EndProject
Project("{FAE04EC0-301F-11D3-BF4B-00C04F79EFBC}") = "H3MittausData", "H3MittausData\H3MittausData.csproj", "{D84E9F65-DBF9-4DDC-BC88-2011A4511597}"
EndProject
Project("{FAE04EC0-301F-11D3-BF4B-00C04F79EFBC}") = "Tehtava4OudotOliotSM-Liigassa", "Tehtava4OudotOliotSM-Liigassa\Tehtava4OudotOliotSM-Liigassa.csproj", "{9FCDA885-00EF-443D-8FA0-8C7FB0B36B42}"
EndProject
Project("{FAE04EC0-301F-11D3-BF4B-00C04F79EFBC}") = "H4KonsoliXML", "H4KonsoliXML\H4KonsoliXML.csproj", "{03F7D834-2169-4643-ABC5-505B2C80DFE0}"
EndProject
Project("{FAE04EC0-301F-11D3-BF4B-00C04F79EFBC}") = "H4WPFXML", "H4WPFXML\H4WPFXML.csproj", "{2BE91301-16FE-48D2-80AB-A6096074AC2C}"
EndProject
Project("{FAE04EC0-301F-11D3-BF4B-00C04F79EFBC}") = "H5MoviesXML", "H5MoviesXML\H5MoviesXML.csproj", "{CCF7B369-0452-4F0A-8AF0-BC5ACC429A09}"
EndProject
Project("{FAE04EC0-301F-11D3-BF4B-00C04F79EFBC}") = "Tehtava6PieniXMLViinikellari", "Tehtava6PieniXMLViinikellari\Tehtava6PieniXMLViinikellari.csproj", "{BE31F736-C1EC-485E-A326-0E0C0671E05E}"
EndProject
Project("{FAE04EC0-301F-11D3-BF4B-00C04F79EFBC}") = "H6DataBinding", "H6\H6DataBinding.csproj", "{5A49A348-7B0C-464C-B6FB-1B46C8609348}"
EndProject
Global
	GlobalSection(SolutionConfigurationPlatforms) = preSolution
		Debug|Any CPU = Debug|Any CPU
		Release|Any CPU = Release|Any CPU
	EndGlobalSection
	GlobalSection(ProjectConfigurationPlatforms) = postSolution
		{BBFDB3F8-2232-4C51-A154-1DFFF2E75FE7}.Debug|Any CPU.ActiveCfg = Debug|Any CPU
		{BBFDB3F8-2232-4C51-A154-1DFFF2E75FE7}.Debug|Any CPU.Build.0 = Debug|Any CPU
		{BBFDB3F8-2232-4C51-A154-1DFFF2E75FE7}.Release|Any CPU.ActiveCfg = Release|Any CPU
		{BBFDB3F8-2232-4C51-A154-1DFFF2E75FE7}.Release|Any CPU.Build.0 = Release|Any CPU
		{49EB960E-A3C1-4451-8BA8-2DA0901DE5A3}.Debug|Any CPU.ActiveCfg = Debug|Any CPU
		{49EB960E-A3C1-4451-8BA8-2DA0901DE5A3}.Debug|Any CPU.Build.0 = Debug|Any CPU
		{49EB960E-A3C1-4451-8BA8-2DA0901DE5A3}.Release|Any CPU.ActiveCfg = Release|Any CPU
		{49EB960E-A3C1-4451-8BA8-2DA0901DE5A3}.Release|Any CPU.Build.0 = Release|Any CPU
		{03283961-D5ED-41A6-9495-D24A2A823E92}.Debug|Any CPU.ActiveCfg = Debug|Any CPU
		{03283961-D5ED-41A6-9495-D24A2A823E92}.Debug|Any CPU.Build.0 = Debug|Any CPU
		{03283961-D5ED-41A6-9495-D24A2A823E92}.Release|Any CPU.ActiveCfg = Release|Any CPU
		{03283961-D5ED-41A6-9495-D24A2A823E92}.Release|Any CPU.Build.0 = Release|Any CPU
		{D84E9F65-DBF9-4DDC-BC88-2011A4511597}.Debug|Any CPU.ActiveCfg = Debug|Any CPU
		{D84E9F65-DBF9-4DDC-BC88-2011A4511597}.Debug|Any CPU.Build.0 = Debug|Any CPU
		{D84E9F65-DBF9-4DDC-BC88-2011A4511597}.Release|Any CPU.ActiveCfg = Release|Any CPU
		{D84E9F65-DBF9-4DDC-BC88-2011A4511597}.Release|Any CPU.Build.0 = Release|Any CPU
		{9FCDA885-00EF-443D-8FA0-8C7FB0B36B42}.Debug|Any CPU.ActiveCfg = Debug|Any CPU
		{9FCDA885-00EF-443D-8FA0-8C7FB0B36B42}.Debug|Any CPU.Build.0 = Debug|Any CPU
		{9FCDA885-00EF-443D-8FA0-8C7FB0B36B42}.Release|Any CPU.ActiveCfg = Release|Any CPU
		{9FCDA885-00EF-443D-8FA0-8C7FB0B36B42}.Release|Any CPU.Build.0 = Release|Any CPU
		{03F7D834-2169-4643-ABC5-505B2C80DFE0}.Debug|Any CPU.ActiveCfg = Debug|Any CPU
		{03F7D834-2169-4643-ABC5-505B2C80DFE0}.Debug|Any CPU.Build.0 = Debug|Any CPU
		{03F7D834-2169-4643-ABC5-505B2C80DFE0}.Release|Any CPU.ActiveCfg = Release|Any CPU
		{03F7D834-2169-4643-ABC5-505B2C80DFE0}.Release|Any CPU.Build.0 = Release|Any CPU
		{2BE91301-16FE-48D2-80AB-A6096074AC2C}.Debug|Any CPU.ActiveCfg = Debug|Any CPU
		{2BE91301-16FE-48D2-80AB-A6096074AC2C}.Debug|Any CPU.Build.0 = Debug|Any CPU
		{2BE91301-16FE-48D2-80AB-A6096074AC2C}.Release|Any CPU.ActiveCfg = Release|Any CPU
		{2BE91301-16FE-48D2-80AB-A6096074AC2C}.Release|Any CPU.Build.0 = Release|Any CPU
		{CCF7B369-0452-4F0A-8AF0-BC5ACC429A09}.Debug|Any CPU.ActiveCfg = Debug|Any CPU
		{CCF7B369-0452-4F0A-8AF0-BC5ACC429A09}.Debug|Any CPU.Build.0 = Debug|Any CPU
		{CCF7B369-0452-4F0A-8AF0-BC5ACC429A09}.Release|Any CPU.ActiveCfg = Release|Any CPU
		{CCF7B369-0452-4F0A-8AF0-BC5ACC429A09}.Release|Any CPU.Build.0 = Release|Any CPU
		{BE31F736-C1EC-485E-A326-0E0C0671E05E}.Debug|Any CPU.ActiveCfg = Debug|Any CPU
		{BE31F736-C1EC-485E-A326-0E0C0671E05E}.Debug|Any CPU.Build.0 = Debug|Any CPU
		{BE31F736-C1EC-485E-A326-0E0C0671E05E}.Release|Any CPU.ActiveCfg = Release|Any CPU
		{BE31F736-C1EC-485E-A326-0E0C0671E05E}.Release|Any CPU.Build.0 = Release|Any CPU
		{5A49A348-7B0C-464C-B6FB-1B46C8609348}.Debug|Any CPU.ActiveCfg = Debug|Any CPU
		{5A49A348-7B0C-464C-B6FB-1B46C8609348}.Debug|Any CPU.Build.0 = Debug|Any CPU
		{5A49A348-7B0C-464C-B6FB-1B46C8609348}.Release|Any CPU.ActiveCfg = Release|Any CPU
		{5A49A348-7B0C-464C-B6FB-1B46C8609348}.Release|Any CPU.Build.0 = Release|Any CPU
	EndGlobalSection
	GlobalSection(SolutionProperties) = preSolution
		HideSolutionNode = FALSE
	EndGlobalSection
EndGlobal
